
Microsoft Visual Studio Solution File, Format Version 12.00
# Visual Studio Version 16
VisualStudioVersion = 16.0.30611.23
MinimumVisualStudioVersion = 15.0.26124.0
Project("{2150E333-8FDC-42A3-9474-1A3956D46DE8}") = "Services", "Services", "{A070D448-7FE7-4040-84AE-7591EAB79721}"
EndProject
Project("{2150E333-8FDC-42A3-9474-1A3956D46DE8}") = "WebApps", "WebApps", "{DB118895-195F-490A-9EFC-0867C4AA7419}"
EndProject
Project("{2150E333-8FDC-42A3-9474-1A3956D46DE8}") = "Cadastros", "Cadastros", "{48FABE7F-72F3-48CA-82FC-E302049FF3EF}"
EndProject
Project("{2150E333-8FDC-42A3-9474-1A3956D46DE8}") = "Catalogo", "Catalogo", "{A9D52ACC-3D5C-4804-AD20-AA159D9214B9}"
EndProject
Project("{2150E333-8FDC-42A3-9474-1A3956D46DE8}") = "Core", "Core", "{25685929-25AB-400F-AA26-4A4DD95F23F1}"
EndProject
Project("{2150E333-8FDC-42A3-9474-1A3956D46DE8}") = "Fiscal", "Fiscal", "{38D478C7-BEC4-497F-B3A8-4F9A8BA72C01}"
EndProject
Project("{2150E333-8FDC-42A3-9474-1A3956D46DE8}") = "Pagamentos", "Pagamentos", "{40AE80FE-8902-473C-B086-02EF652B733D}"
EndProject
Project("{2150E333-8FDC-42A3-9474-1A3956D46DE8}") = "Vendas", "Vendas", "{969F203A-6DDC-46B7-8239-DEB94ABCE814}"
EndProject
Project("{FAE04EC0-301F-11D3-BF4B-00C04F79EFBC}") = "NerdStore.Catalogo.Domain", "src\NerdStore.Catalogo.Domain\NerdStore.Catalogo.Domain.csproj", "{264B0F0B-6639-41F6-94A7-7A34A6A9CDD9}"
EndProject
Project("{FAE04EC0-301F-11D3-BF4B-00C04F79EFBC}") = "NerdStore.Core", "src\NerdStore.Core\NerdStore.Core.csproj", "{6E4A0B05-3AE4-4EBA-ACBC-DC05B97F4497}"
EndProject
Global
	GlobalSection(SolutionConfigurationPlatforms) = preSolution
		Debug|Any CPU = Debug|Any CPU
		Debug|x64 = Debug|x64
		Debug|x86 = Debug|x86
		Release|Any CPU = Release|Any CPU
		Release|x64 = Release|x64
		Release|x86 = Release|x86
	EndGlobalSection
	GlobalSection(ProjectConfigurationPlatforms) = postSolution
		{264B0F0B-6639-41F6-94A7-7A34A6A9CDD9}.Debug|Any CPU.ActiveCfg = Debug|Any CPU
		{264B0F0B-6639-41F6-94A7-7A34A6A9CDD9}.Debug|Any CPU.Build.0 = Debug|Any CPU
		{264B0F0B-6639-41F6-94A7-7A34A6A9CDD9}.Debug|x64.ActiveCfg = Debug|Any CPU
		{264B0F0B-6639-41F6-94A7-7A34A6A9CDD9}.Debug|x64.Build.0 = Debug|Any CPU
		{264B0F0B-6639-41F6-94A7-7A34A6A9CDD9}.Debug|x86.ActiveCfg = Debug|Any CPU
		{264B0F0B-6639-41F6-94A7-7A34A6A9CDD9}.Debug|x86.Build.0 = Debug|Any CPU
		{264B0F0B-6639-41F6-94A7-7A34A6A9CDD9}.Release|Any CPU.ActiveCfg = Release|Any CPU
		{264B0F0B-6639-41F6-94A7-7A34A6A9CDD9}.Release|Any CPU.Build.0 = Release|Any CPU
		{264B0F0B-6639-41F6-94A7-7A34A6A9CDD9}.Release|x64.ActiveCfg = Release|Any CPU
		{264B0F0B-6639-41F6-94A7-7A34A6A9CDD9}.Release|x64.Build.0 = Release|Any CPU
		{264B0F0B-6639-41F6-94A7-7A34A6A9CDD9}.Release|x86.ActiveCfg = Release|Any CPU
		{264B0F0B-6639-41F6-94A7-7A34A6A9CDD9}.Release|x86.Build.0 = Release|Any CPU
		{6E4A0B05-3AE4-4EBA-ACBC-DC05B97F4497}.Debug|Any CPU.ActiveCfg = Debug|Any CPU
		{6E4A0B05-3AE4-4EBA-ACBC-DC05B97F4497}.Debug|Any CPU.Build.0 = Debug|Any CPU
		{6E4A0B05-3AE4-4EBA-ACBC-DC05B97F4497}.Debug|x64.ActiveCfg = Debug|Any CPU
		{6E4A0B05-3AE4-4EBA-ACBC-DC05B97F4497}.Debug|x64.Build.0 = Debug|Any CPU
		{6E4A0B05-3AE4-4EBA-ACBC-DC05B97F4497}.Debug|x86.ActiveCfg = Debug|Any CPU
		{6E4A0B05-3AE4-4EBA-ACBC-DC05B97F4497}.Debug|x86.Build.0 = Debug|Any CPU
		{6E4A0B05-3AE4-4EBA-ACBC-DC05B97F4497}.Release|Any CPU.ActiveCfg = Release|Any CPU
		{6E4A0B05-3AE4-4EBA-ACBC-DC05B97F4497}.Release|Any CPU.Build.0 = Release|Any CPU
		{6E4A0B05-3AE4-4EBA-ACBC-DC05B97F4497}.Release|x64.ActiveCfg = Release|Any CPU
		{6E4A0B05-3AE4-4EBA-ACBC-DC05B97F4497}.Release|x64.Build.0 = Release|Any CPU
		{6E4A0B05-3AE4-4EBA-ACBC-DC05B97F4497}.Release|x86.ActiveCfg = Release|Any CPU
		{6E4A0B05-3AE4-4EBA-ACBC-DC05B97F4497}.Release|x86.Build.0 = Release|Any CPU
	EndGlobalSection
	GlobalSection(SolutionProperties) = preSolution
		HideSolutionNode = FALSE
	EndGlobalSection
	GlobalSection(NestedProjects) = preSolution
		{48FABE7F-72F3-48CA-82FC-E302049FF3EF} = {A070D448-7FE7-4040-84AE-7591EAB79721}
		{A9D52ACC-3D5C-4804-AD20-AA159D9214B9} = {A070D448-7FE7-4040-84AE-7591EAB79721}
		{25685929-25AB-400F-AA26-4A4DD95F23F1} = {A070D448-7FE7-4040-84AE-7591EAB79721}
		{38D478C7-BEC4-497F-B3A8-4F9A8BA72C01} = {A070D448-7FE7-4040-84AE-7591EAB79721}
		{40AE80FE-8902-473C-B086-02EF652B733D} = {A070D448-7FE7-4040-84AE-7591EAB79721}
		{969F203A-6DDC-46B7-8239-DEB94ABCE814} = {A070D448-7FE7-4040-84AE-7591EAB79721}
		{264B0F0B-6639-41F6-94A7-7A34A6A9CDD9} = {A9D52ACC-3D5C-4804-AD20-AA159D9214B9}
		{6E4A0B05-3AE4-4EBA-ACBC-DC05B97F4497} = {25685929-25AB-400F-AA26-4A4DD95F23F1}
	EndGlobalSection
	GlobalSection(ExtensibilityGlobals) = postSolution
		SolutionGuid = {BB197FC7-8886-42F6-B90F-89C655EDC5E0}
	EndGlobalSection
EndGlobal
